# This file is automatically @generated by pesde.
# It is not intended for manual editing.
format = 2
name = "story_bakery/extended_translator"
version = "0.1.0"
target = "roblox"

[graph."story_bakery/maid@0.1.0 roblox"]
direct = ["Maid", { repo = "https://github.com/Story-Bakery/Maid", rev = "main" }, "standard"]

[graph."story_bakery/maid@0.1.0 roblox".dependencies]
Signal = ["story_bakery/signal@0.1.0 roblox", "standard"]

[graph."story_bakery/maid@0.1.0 roblox".pkg_ref]
ref_ty = "git"
repo = "https://github.com/Story-Bakery/Maid"
tree_id = "efe943acbaa3b77afd0b88ab523cf9095cd5bf33"
new_structure = true

[graph."story_bakery/maid@0.1.0 roblox".pkg_ref.dependencies]
Signal = [{ repo = "https://github.com/Story-Bakery/Signal", rev = "main" }, "standard"]

[graph."story_bakery/signal@0.1.0 roblox"]
direct = ["Signal", { repo = "https://github.com/Story-Bakery/Signal", rev = "main" }, "standard"]

[graph."story_bakery/signal@0.1.0 roblox".pkg_ref]
ref_ty = "git"
repo = "https://github.com/Story-Bakery/Signal"
tree_id = "3e5874381505b3d5e0fe489cb91b36c9bf7d3a1f"
new_structure = true
